// !$*UTF8*$!
{
	archiveVersion = 1;
	classes = {
	};
	objectVersion = 46;
	objects = {

/* Begin PBXBuildFile section */
		1AC6FB2E180E99EB004C840B /* libbox2d iOS.a in Frameworks */ = {isa = PBXBuildFile; fileRef = 1AC6FB0D180E9839004C840B /* libbox2d iOS.a */; };
		1AC6FB2F180E99EB004C840B /* libchipmunk iOS.a in Frameworks */ = {isa = PBXBuildFile; fileRef = 1AC6FB0B180E9839004C840B /* libchipmunk iOS.a */; };
		1AC6FB30180E99EB004C840B /* libcocos2dx iOS.a in Frameworks */ = {isa = PBXBuildFile; fileRef = 1AC6FB07180E9839004C840B /* libcocos2dx iOS.a */; };
		1AC6FB31180E99EB004C840B /* libcocos2dx-extensions iOS.a in Frameworks */ = {isa = PBXBuildFile; fileRef = 1AC6FB09180E9839004C840B /* libcocos2dx-extensions iOS.a */; };
		1AC6FB32180E99EB004C840B /* libCocosDenshion iOS.a in Frameworks */ = {isa = PBXBuildFile; fileRef = 1AC6FB0F180E9839004C840B /* libCocosDenshion iOS.a */; };
		1AFAF8B716D35DE700DB1158 /* AppDelegate.cpp in Sources */ = {isa = PBXBuildFile; fileRef = 1AFAF8B316D35DE700DB1158 /* AppDelegate.cpp */; };
		1AFAF8B816D35DE700DB1158 /* HelloWorldScene.cpp in Sources */ = {isa = PBXBuildFile; fileRef = 1AFAF8B516D35DE700DB1158 /* HelloWorldScene.cpp */; };
		1D60589F0D05DD5A006BFB54 /* Foundation.framework in Frameworks */ = {isa = PBXBuildFile; fileRef = 1D30AB110D05D00D00671497 /* Foundation.framework */; };
		1DF5F4E00D08C38300B7A737 /* UIKit.framework in Frameworks */ = {isa = PBXBuildFile; fileRef = 1DF5F4DF0D08C38300B7A737 /* UIKit.framework */; };
		288765A50DF7441C002DB57D /* CoreGraphics.framework in Frameworks */ = {isa = PBXBuildFile; fileRef = 288765A40DF7441C002DB57D /* CoreGraphics.framework */; };
		503AE10017EB989F00D1A890 /* AppController.mm in Sources */ = {isa = PBXBuildFile; fileRef = 503AE0FB17EB989F00D1A890 /* AppController.mm */; };
		503AE10117EB989F00D1A890 /* main.m in Sources */ = {isa = PBXBuildFile; fileRef = 503AE0FC17EB989F00D1A890 /* main.m */; };
		503AE10217EB989F00D1A890 /* RootViewController.mm in Sources */ = {isa = PBXBuildFile; fileRef = 503AE0FF17EB989F00D1A890 /* RootViewController.mm */; };
		5087E77D17EB970100C73F5D /* Default-568h@2x.png in Resources */ = {isa = PBXBuildFile; fileRef = 5087E77217EB970100C73F5D /* Default-568h@2x.png */; };
		5087E77E17EB970100C73F5D /* Default.png in Resources */ = {isa = PBXBuildFile; fileRef = 5087E77317EB970100C73F5D /* Default.png */; };
		5087E77F17EB970100C73F5D /* Default@2x.png in Resources */ = {isa = PBXBuildFile; fileRef = 5087E77417EB970100C73F5D /* Default@2x.png */; };
		5087E78617EB970100C73F5D /* Icon-76.png in Resources */ = {isa = PBXBuildFile; fileRef = 5087E77B17EB970100C73F5D /* Icon-76.png */; };
		BF171245129291EC00B8313A /* OpenGLES.framework in Frameworks */ = {isa = PBXBuildFile; fileRef = BF170DB012928DE900B8313A /* OpenGLES.framework */; };
		BF1712471292920000B8313A /* libz.dylib in Frameworks */ = {isa = PBXBuildFile; fileRef = BF170DB412928DE900B8313A /* libz.dylib */; };
		BF1C47F01293687400B63C5D /* QuartzCore.framework in Frameworks */ = {isa = PBXBuildFile; fileRef = BF1C47EA1293683800B63C5D /* QuartzCore.framework */; };
		CD01214C1924CEDD0071F067 /* bgMusic.wav in Resources */ = {isa = PBXBuildFile; fileRef = CD01214B1924CEDD0071F067 /* bgMusic.wav */; };
		CD0121501924D4A50071F067 /* pageFlip.mp3 in Resources */ = {isa = PBXBuildFile; fileRef = CD01214F1924D4A50071F067 /* pageFlip.mp3 */; };
		CD0121521924D8270071F067 /* applause.mp3 in Resources */ = {isa = PBXBuildFile; fileRef = CD0121511924D8270071F067 /* applause.mp3 */; };
		CD339F691926D67400DBB2E7 /* gameFail.wav in Resources */ = {isa = PBXBuildFile; fileRef = CD339F681926D67400DBB2E7 /* gameFail.wav */; };
		CD339F6D1926D71B00DBB2E7 /* stageBtClick.wav in Resources */ = {isa = PBXBuildFile; fileRef = CD339F6C1926D71B00DBB2E7 /* stageBtClick.wav */; };
		CD339F6F1926E06600DBB2E7 /* GameKit.framework in Frameworks */ = {isa = PBXBuildFile; fileRef = CD339F6E1926E06600DBB2E7 /* GameKit.framework */; };
		CD339F731926FDFC00DBB2E7 /* popupBg.png in Resources */ = {isa = PBXBuildFile; fileRef = CD339F721926FDFC00DBB2E7 /* popupBg.png */; };
		CD339F7619270FBF00DBB2E7 /* failFirst.wav in Resources */ = {isa = PBXBuildFile; fileRef = CD339F7519270FBF00DBB2E7 /* failFirst.wav */; };
		CD339F8219273E4100DBB2E7 /* BackIcon.png in Resources */ = {isa = PBXBuildFile; fileRef = CD339F7919273E4100DBB2E7 /* BackIcon.png */; };
		CD339F8319273E4100DBB2E7 /* FacebookIcon.png in Resources */ = {isa = PBXBuildFile; fileRef = CD339F7A19273E4100DBB2E7 /* FacebookIcon.png */; };
		CD339F8419273E4100DBB2E7 /* MailIcon.png in Resources */ = {isa = PBXBuildFile; fileRef = CD339F7B19273E4100DBB2E7 /* MailIcon.png */; };
		CD339F8519273E4100DBB2E7 /* NewIcon.png in Resources */ = {isa = PBXBuildFile; fileRef = CD339F7C19273E4100DBB2E7 /* NewIcon.png */; };
		CD339F8619273E4100DBB2E7 /* OptionIcon.png in Resources */ = {isa = PBXBuildFile; fileRef = CD339F7D19273E4100DBB2E7 /* OptionIcon.png */; };
		CD339F8719273E4100DBB2E7 /* RankingIcon.png in Resources */ = {isa = PBXBuildFile; fileRef = CD339F7E19273E4100DBB2E7 /* RankingIcon.png */; };
		CD339F8819273E4100DBB2E7 /* ShareIcon.png in Resources */ = {isa = PBXBuildFile; fileRef = CD339F7F19273E4100DBB2E7 /* ShareIcon.png */; };
		CD339F8919273E4100DBB2E7 /* SMSIcon.png in Resources */ = {isa = PBXBuildFile; fileRef = CD339F8019273E4100DBB2E7 /* SMSIcon.png */; };
		CD339F8A19273E4100DBB2E7 /* TwitterIcon.png in Resources */ = {isa = PBXBuildFile; fileRef = CD339F8119273E4100DBB2E7 /* TwitterIcon.png */; };
		CD339F8F1927887C00DBB2E7 /* BGMoffIcon.png in Resources */ = {isa = PBXBuildFile; fileRef = CD339F8B1927887C00DBB2E7 /* BGMoffIcon.png */; };
		CD339F901927887C00DBB2E7 /* BGMonIcon.png in Resources */ = {isa = PBXBuildFile; fileRef = CD339F8C1927887C00DBB2E7 /* BGMonIcon.png */; };
		CD339F911927887C00DBB2E7 /* EffectOffIcon.png in Resources */ = {isa = PBXBuildFile; fileRef = CD339F8D1927887C00DBB2E7 /* EffectOffIcon.png */; };
		CD339F921927887C00DBB2E7 /* EffectOnIcon.png in Resources */ = {isa = PBXBuildFile; fileRef = CD339F8E1927887C00DBB2E7 /* EffectOnIcon.png */; };
		CD339F991927946300DBB2E7 /* RateIcon.png in Resources */ = {isa = PBXBuildFile; fileRef = CD339F951927946300DBB2E7 /* RateIcon.png */; };
		CD339F9A1927946300DBB2E7 /* ReviewIcon.png in Resources */ = {isa = PBXBuildFile; fileRef = CD339F961927946300DBB2E7 /* ReviewIcon.png */; };
		CD339F9B1927946300DBB2E7 /* TeamIcon.png in Resources */ = {isa = PBXBuildFile; fileRef = CD339F971927946300DBB2E7 /* TeamIcon.png */; };
		CD61909C1924FBC5006D7099 /* BLUE.png in Resources */ = {isa = PBXBuildFile; fileRef = CD6190961924FBC5006D7099 /* BLUE.png */; };
		CD61909D1924FBC5006D7099 /* CYAN.png in Resources */ = {isa = PBXBuildFile; fileRef = CD6190971924FBC5006D7099 /* CYAN.png */; };
		CD61909E1924FBC5006D7099 /* GREEN.png in Resources */ = {isa = PBXBuildFile; fileRef = CD6190981924FBC5006D7099 /* GREEN.png */; };
		CD61909F1924FBC5006D7099 /* MAGENTA.png in Resources */ = {isa = PBXBuildFile; fileRef = CD6190991924FBC5006D7099 /* MAGENTA.png */; };
		CD6190A01924FBC5006D7099 /* RED.png in Resources */ = {isa = PBXBuildFile; fileRef = CD61909A1924FBC5006D7099 /* RED.png */; };
		CD6190A11924FBC5006D7099 /* YELLOW.png in Resources */ = {isa = PBXBuildFile; fileRef = CD61909B1924FBC5006D7099 /* YELLOW.png */; };
		CD6190A51924FDBE006D7099 /* GREEN_CIRCLE.png in Resources */ = {isa = PBXBuildFile; fileRef = CD6190A41924FDBE006D7099 /* GREEN_CIRCLE.png */; };
		CD632EE1192A544900ED5DEE /* RetryIcon.png in Resources */ = {isa = PBXBuildFile; fileRef = CD632EE0192A544900ED5DEE /* RetryIcon.png */; };
		CD632EE7192A58D900ED5DEE /* font_bold.ttf in Resources */ = {isa = PBXBuildFile; fileRef = CD632EE6192A58D900ED5DEE /* font_bold.ttf */; };
		CD7B9E5F192B8B6E005AA90B /* RecordIcon.png in Resources */ = {isa = PBXBuildFile; fileRef = CD7B9E5E192B8B6E005AA90B /* RecordIcon.png */; };
		CD7B9E6E192B8C1B005AA90B /* Icon-58.png in Resources */ = {isa = PBXBuildFile; fileRef = CD7B9E63192B8C1B005AA90B /* Icon-58.png */; };
		CD7B9E6F192B8C1B005AA90B /* Icon-80.png in Resources */ = {isa = PBXBuildFile; fileRef = CD7B9E64192B8C1B005AA90B /* Icon-80.png */; };
		CD7B9E70192B8C1B005AA90B /* Icon-120.png in Resources */ = {isa = PBXBuildFile; fileRef = CD7B9E65192B8C1B005AA90B /* Icon-120.png */; };
		CD7B9E73192B8C1B005AA90B /* Icon-72.png in Resources */ = {isa = PBXBuildFile; fileRef = CD7B9E68192B8C1B005AA90B /* Icon-72.png */; };
		CD8A17FB1924CBF400304CD4 /* stage_bg.png in Resources */ = {isa = PBXBuildFile; fileRef = CD8A17FA1924CBF400304CD4 /* stage_bg.png */; };
		CDC50F141923B0AB003391CD /* Icon-60.png in Resources */ = {isa = PBXBuildFile; fileRef = CDC50F0C1923B0AB003391CD /* Icon-60.png */; };
		CDC50F161923B0AB003391CD /* launcher01.png in Resources */ = {isa = PBXBuildFile; fileRef = CDC50F0E1923B0AB003391CD /* launcher01.png */; };
		CDC50F181923B0AB003391CD /* Icon-40.png in Resources */ = {isa = PBXBuildFile; fileRef = CDC50F101923B0AB003391CD /* Icon-40.png */; };
		CDC50F1E1923B206003391CD /* StageClearScene.cpp in Sources */ = {isa = PBXBuildFile; fileRef = CDC50F1C1923B206003391CD /* StageClearScene.cpp */; };
		CDE9810E1931E8BB00F2DC64 /* Configuration.cpp in Sources */ = {isa = PBXBuildFile; fileRef = CDE9810C1931E8BB00F2DC64 /* Configuration.cpp */; };
		D44C620C132DFF330009C878 /* OpenAL.framework in Frameworks */ = {isa = PBXBuildFile; fileRef = D44C620B132DFF330009C878 /* OpenAL.framework */; };
		D44C620E132DFF430009C878 /* AVFoundation.framework in Frameworks */ = {isa = PBXBuildFile; fileRef = D44C620D132DFF430009C878 /* AVFoundation.framework */; };
		D44C6210132DFF4E0009C878 /* AudioToolbox.framework in Frameworks */ = {isa = PBXBuildFile; fileRef = D44C620F132DFF4E0009C878 /* AudioToolbox.framework */; };
		D6B0611B1803AB670077942B /* CoreMotion.framework in Frameworks */ = {isa = PBXBuildFile; fileRef = D6B0611A1803AB670077942B /* CoreMotion.framework */; };
		E2064CE7191CEF56007271A6 /* CCrazyMatrix.cpp in Sources */ = {isa = PBXBuildFile; fileRef = E2064CE3191CEF56007271A6 /* CCrazyMatrix.cpp */; };
		E2064CE8191CEF56007271A6 /* GameStageScene.cpp in Sources */ = {isa = PBXBuildFile; fileRef = E2064CE5191CEF56007271A6 /* GameStageScene.cpp */; };
		E2064CEF191CEFC8007271A6 /* fire.png in Resources */ = {isa = PBXBuildFile; fileRef = E2064CED191CEFC8007271A6 /* fire.png */; };
		E2064CF0191CEFC8007271A6 /* firework.mp3 in Resources */ = {isa = PBXBuildFile; fileRef = E2064CEE191CEFC8007271A6 /* firework.mp3 */; };
		E2064CF2191CF2DC007271A6 /* stars.png in Resources */ = {isa = PBXBuildFile; fileRef = E2064CF1191CF2DC007271A6 /* stars.png */; };
		E2064CF6191E53F7007271A6 /* es042.wav in Resources */ = {isa = PBXBuildFile; fileRef = E2064CF5191E53F7007271A6 /* es042.wav */; };
		E287DA5F1932210700486E7A /* bgMusic.mp3 in Resources */ = {isa = PBXBuildFile; fileRef = E287DA5E1932210700486E7A /* bgMusic.mp3 */; };
		E2943F86192382FB00E3A52C /* AdSupport.framework in Frameworks */ = {isa = PBXBuildFile; fileRef = E2943F85192382FB00E3A52C /* AdSupport.framework */; };
		E2943F881923830600E3A52C /* AudioToolbox.framework in Frameworks */ = {isa = PBXBuildFile; fileRef = E2943F871923830600E3A52C /* AudioToolbox.framework */; };
		E2943F8A1923830D00E3A52C /* AVFoundation.framework in Frameworks */ = {isa = PBXBuildFile; fileRef = E2943F891923830D00E3A52C /* AVFoundation.framework */; };
		E2943F8C1923832D00E3A52C /* CoreGraphics.framework in Frameworks */ = {isa = PBXBuildFile; fileRef = E2943F8B1923832C00E3A52C /* CoreGraphics.framework */; };
		E2943F8E1923833500E3A52C /* MessageUI.framework in Frameworks */ = {isa = PBXBuildFile; fileRef = E2943F8D1923833500E3A52C /* MessageUI.framework */; };
		E2943F901923833D00E3A52C /* StoreKit.framework in Frameworks */ = {isa = PBXBuildFile; fileRef = E2943F8F1923833D00E3A52C /* StoreKit.framework */; };
		E2943F921923834500E3A52C /* SystemConfiguration.framework in Frameworks */ = {isa = PBXBuildFile; fileRef = E2943F911923834500E3A52C /* SystemConfiguration.framework */; };
		E2943FB1192386A300E3A52C /* libGoogleAdMobAds.a in Frameworks */ = {isa = PBXBuildFile; fileRef = E2943FB0192386A300E3A52C /* libGoogleAdMobAds.a */; };
		E2943FB31923877900E3A52C /* CoreTelephony.framework in Frameworks */ = {isa = PBXBuildFile; fileRef = E2943FB21923877900E3A52C /* CoreTelephony.framework */; };
		E29C3D44192252FF00DC481B /* ticktock.wav in Resources */ = {isa = PBXBuildFile; fileRef = E29C3D43192252FF00DC481B /* ticktock.wav */; };
/* End PBXBuildFile section */

/* Begin PBXContainerItemProxy section */
		1AC6FAF8180E9839004C840B /* PBXContainerItemProxy */ = {
			isa = PBXContainerItemProxy;
			containerPortal = 1AC6FAE5180E9839004C840B /* cocos2d_libs.xcodeproj */;
			proxyType = 2;
			remoteGlobalIDString = 1551A33F158F2AB200E66CFE;
			remoteInfo = "cocos2dx Mac";
		};
		1AC6FAFA180E9839004C840B /* PBXContainerItemProxy */ = {
			isa = PBXContainerItemProxy;
			containerPortal = 1AC6FAE5180E9839004C840B /* cocos2d_libs.xcodeproj */;
			proxyType = 2;
			remoteGlobalIDString = A03F2FD617814595006731B9;
			remoteInfo = "cocos2dx-extensions Mac";
		};
		1AC6FAFC180E9839004C840B /* PBXContainerItemProxy */ = {
			isa = PBXContainerItemProxy;
			containerPortal = 1AC6FAE5180E9839004C840B /* cocos2d_libs.xcodeproj */;
			proxyType = 2;
			remoteGlobalIDString = A03F2CB81780BD04006731B9;
			remoteInfo = "chipmunk Mac";
		};
		1AC6FAFE180E9839004C840B /* PBXContainerItemProxy */ = {
			isa = PBXContainerItemProxy;
			containerPortal = 1AC6FAE5180E9839004C840B /* cocos2d_libs.xcodeproj */;
			proxyType = 2;
			remoteGlobalIDString = A03F2D9B1780BDF7006731B9;
			remoteInfo = "box2d Mac";
		};
		1AC6FB00180E9839004C840B /* PBXContainerItemProxy */ = {
			isa = PBXContainerItemProxy;
			containerPortal = 1AC6FAE5180E9839004C840B /* cocos2d_libs.xcodeproj */;
			proxyType = 2;
			remoteGlobalIDString = A03F2ED617814268006731B9;
			remoteInfo = "CocosDenshion Mac";
		};
		1AC6FB06180E9839004C840B /* PBXContainerItemProxy */ = {
			isa = PBXContainerItemProxy;
			containerPortal = 1AC6FAE5180E9839004C840B /* cocos2d_libs.xcodeproj */;
			proxyType = 2;
			remoteGlobalIDString = A07A4D641783777C0073F6A7;
			remoteInfo = "cocos2dx iOS";
		};
		1AC6FB08180E9839004C840B /* PBXContainerItemProxy */ = {
			isa = PBXContainerItemProxy;
			containerPortal = 1AC6FAE5180E9839004C840B /* cocos2d_libs.xcodeproj */;
			proxyType = 2;
			remoteGlobalIDString = A07A4EFC1783867C0073F6A7;
			remoteInfo = "cocos2dx-extensions iOS";
		};
		1AC6FB0A180E9839004C840B /* PBXContainerItemProxy */ = {
			isa = PBXContainerItemProxy;
			containerPortal = 1AC6FAE5180E9839004C840B /* cocos2d_libs.xcodeproj */;
			proxyType = 2;
			remoteGlobalIDString = A07A4F3B178387670073F6A7;
			remoteInfo = "chipmunk iOS";
		};
		1AC6FB0C180E9839004C840B /* PBXContainerItemProxy */ = {
			isa = PBXContainerItemProxy;
			containerPortal = 1AC6FAE5180E9839004C840B /* cocos2d_libs.xcodeproj */;
			proxyType = 2;
			remoteGlobalIDString = A07A4F9E1783876B0073F6A7;
			remoteInfo = "box2d iOS";
		};
		1AC6FB0E180E9839004C840B /* PBXContainerItemProxy */ = {
			isa = PBXContainerItemProxy;
			containerPortal = 1AC6FAE5180E9839004C840B /* cocos2d_libs.xcodeproj */;
			proxyType = 2;
			remoteGlobalIDString = A07A4FB4178387730073F6A7;
			remoteInfo = "CocosDenshion iOS";
		};
		1AC6FB24180E99E1004C840B /* PBXContainerItemProxy */ = {
			isa = PBXContainerItemProxy;
			containerPortal = 1AC6FAE5180E9839004C840B /* cocos2d_libs.xcodeproj */;
			proxyType = 1;
			remoteGlobalIDString = A07A4C241783777C0073F6A7;
			remoteInfo = "cocos2dx iOS";
		};
		1AC6FB26180E99E1004C840B /* PBXContainerItemProxy */ = {
			isa = PBXContainerItemProxy;
			containerPortal = 1AC6FAE5180E9839004C840B /* cocos2d_libs.xcodeproj */;
			proxyType = 1;
			remoteGlobalIDString = A07A4E111783867C0073F6A7;
			remoteInfo = "cocos2dx-extensions iOS";
		};
		1AC6FB28180E99E1004C840B /* PBXContainerItemProxy */ = {
			isa = PBXContainerItemProxy;
			containerPortal = 1AC6FAE5180E9839004C840B /* cocos2d_libs.xcodeproj */;
			proxyType = 1;
			remoteGlobalIDString = A07A4EFD178387670073F6A7;
			remoteInfo = "chipmunk iOS";
		};
		1AC6FB2A180E99E1004C840B /* PBXContainerItemProxy */ = {
			isa = PBXContainerItemProxy;
			containerPortal = 1AC6FAE5180E9839004C840B /* cocos2d_libs.xcodeproj */;
			proxyType = 1;
			remoteGlobalIDString = A07A4F3C1783876B0073F6A7;
			remoteInfo = "box2d iOS";
		};
		1AC6FB2C180E99E1004C840B /* PBXContainerItemProxy */ = {
			isa = PBXContainerItemProxy;
			containerPortal = 1AC6FAE5180E9839004C840B /* cocos2d_libs.xcodeproj */;
			proxyType = 1;
			remoteGlobalIDString = A07A4F9F178387730073F6A7;
			remoteInfo = "CocosDenshion iOS";
		};
/* End PBXContainerItemProxy section */

/* Begin PBXFileReference section */
		1AC6FAE5180E9839004C840B /* cocos2d_libs.xcodeproj */ = {isa = PBXFileReference; lastKnownFileType = "wrapper.pb-project"; name = cocos2d_libs.xcodeproj; path = ../cocos2d/build/cocos2d_libs.xcodeproj; sourceTree = "<group>"; };
		1ACB3243164770DE00914215 /* libcurl.a */ = {isa = PBXFileReference; lastKnownFileType = archive.ar; name = libcurl.a; path = ../../cocos2dx/platform/third_party/ios/libraries/libcurl.a; sourceTree = "<group>"; };
		1AFAF8B316D35DE700DB1158 /* AppDelegate.cpp */ = {isa = PBXFileReference; fileEncoding = 4; lastKnownFileType = sourcecode.cpp.cpp; name = AppDelegate.cpp; path = ../Classes/AppDelegate.cpp; sourceTree = "<group>"; };
		1AFAF8B416D35DE700DB1158 /* AppDelegate.h */ = {isa = PBXFileReference; fileEncoding = 4; lastKnownFileType = sourcecode.c.h; name = AppDelegate.h; path = ../Classes/AppDelegate.h; sourceTree = "<group>"; };
		1AFAF8B516D35DE700DB1158 /* HelloWorldScene.cpp */ = {isa = PBXFileReference; fileEncoding = 4; lastKnownFileType = sourcecode.cpp.cpp; name = HelloWorldScene.cpp; path = ../Classes/HelloWorldScene.cpp; sourceTree = "<group>"; };
		1AFAF8B616D35DE700DB1158 /* HelloWorldScene.h */ = {isa = PBXFileReference; fileEncoding = 4; lastKnownFileType = sourcecode.c.h; name = HelloWorldScene.h; path = ../Classes/HelloWorldScene.h; sourceTree = "<group>"; };
		1D30AB110D05D00D00671497 /* Foundation.framework */ = {isa = PBXFileReference; lastKnownFileType = wrapper.framework; name = Foundation.framework; path = System/Library/Frameworks/Foundation.framework; sourceTree = SDKROOT; };
		1D6058910D05DD3D006BFB54 /* Tile Hunter.app */ = {isa = PBXFileReference; explicitFileType = wrapper.application; includeInIndex = 0; path = "Tile Hunter.app"; sourceTree = BUILT_PRODUCTS_DIR; };
		1DF5F4DF0D08C38300B7A737 /* UIKit.framework */ = {isa = PBXFileReference; lastKnownFileType = wrapper.framework; name = UIKit.framework; path = System/Library/Frameworks/UIKit.framework; sourceTree = SDKROOT; };
		288765A40DF7441C002DB57D /* CoreGraphics.framework */ = {isa = PBXFileReference; lastKnownFileType = wrapper.framework; name = CoreGraphics.framework; path = System/Library/Frameworks/CoreGraphics.framework; sourceTree = SDKROOT; };
		503AE0F617EB97AB00D1A890 /* Icon.icns */ = {isa = PBXFileReference; lastKnownFileType = image.icns; path = Icon.icns; sourceTree = "<group>"; };
		503AE0F717EB97AB00D1A890 /* Info.plist */ = {isa = PBXFileReference; fileEncoding = 4; lastKnownFileType = text.plist.xml; path = Info.plist; sourceTree = "<group>"; };
		503AE0FA17EB989F00D1A890 /* AppController.h */ = {isa = PBXFileReference; fileEncoding = 4; lastKnownFileType = sourcecode.c.h; name = AppController.h; path = ios/AppController.h; sourceTree = SOURCE_ROOT; };
		503AE0FB17EB989F00D1A890 /* AppController.mm */ = {isa = PBXFileReference; fileEncoding = 4; lastKnownFileType = sourcecode.cpp.objcpp; name = AppController.mm; path = ios/AppController.mm; sourceTree = SOURCE_ROOT; };
		503AE0FC17EB989F00D1A890 /* main.m */ = {isa = PBXFileReference; fileEncoding = 4; lastKnownFileType = sourcecode.c.objc; name = main.m; path = ios/main.m; sourceTree = SOURCE_ROOT; };
		503AE0FD17EB989F00D1A890 /* Prefix.pch */ = {isa = PBXFileReference; fileEncoding = 4; lastKnownFileType = sourcecode.c.h; name = Prefix.pch; path = ios/Prefix.pch; sourceTree = SOURCE_ROOT; };
		503AE0FE17EB989F00D1A890 /* RootViewController.h */ = {isa = PBXFileReference; fileEncoding = 4; lastKnownFileType = sourcecode.c.h; name = RootViewController.h; path = ios/RootViewController.h; sourceTree = SOURCE_ROOT; };
		503AE0FF17EB989F00D1A890 /* RootViewController.mm */ = {isa = PBXFileReference; fileEncoding = 4; lastKnownFileType = sourcecode.cpp.objcpp; name = RootViewController.mm; path = ios/RootViewController.mm; sourceTree = SOURCE_ROOT; };
		503AE10317EB98FF00D1A890 /* main.cpp */ = {isa = PBXFileReference; fileEncoding = 4; lastKnownFileType = sourcecode.cpp.cpp; name = main.cpp; path = mac/main.cpp; sourceTree = "<group>"; };
		503AE10417EB98FF00D1A890 /* Prefix.pch */ = {isa = PBXFileReference; fileEncoding = 4; lastKnownFileType = sourcecode.c.h; name = Prefix.pch; path = mac/Prefix.pch; sourceTree = "<group>"; };
		503AE11117EB99EE00D1A890 /* libcurl.dylib */ = {isa = PBXFileReference; lastKnownFileType = "compiled.mach-o.dylib"; name = libcurl.dylib; path = usr/lib/libcurl.dylib; sourceTree = SDKROOT; };
		503AE11A17EB9C5A00D1A890 /* IOKit.framework */ = {isa = PBXFileReference; lastKnownFileType = wrapper.framework; name = IOKit.framework; path = System/Library/Frameworks/IOKit.framework; sourceTree = SDKROOT; };
		5087E77217EB970100C73F5D /* Default-568h@2x.png */ = {isa = PBXFileReference; lastKnownFileType = image.png; path = "Default-568h@2x.png"; sourceTree = "<group>"; };
		5087E77317EB970100C73F5D /* Default.png */ = {isa = PBXFileReference; lastKnownFileType = image.png; path = Default.png; sourceTree = "<group>"; };
		5087E77417EB970100C73F5D /* Default@2x.png */ = {isa = PBXFileReference; lastKnownFileType = image.png; path = "Default@2x.png"; sourceTree = "<group>"; };
		5087E77B17EB970100C73F5D /* Icon-76.png */ = {isa = PBXFileReference; lastKnownFileType = image.png; path = "Icon-76.png"; sourceTree = "<group>"; };
		5087E77C17EB970100C73F5D /* Info.plist */ = {isa = PBXFileReference; fileEncoding = 4; lastKnownFileType = text.plist.xml; path = Info.plist; sourceTree = "<group>"; };
		5087E78817EB974C00C73F5D /* AppKit.framework */ = {isa = PBXFileReference; lastKnownFileType = wrapper.framework; name = AppKit.framework; path = System/Library/Frameworks/AppKit.framework; sourceTree = SDKROOT; };
		5087E78A17EB975400C73F5D /* OpenGL.framework */ = {isa = PBXFileReference; lastKnownFileType = wrapper.framework; name = OpenGL.framework; path = System/Library/Frameworks/OpenGL.framework; sourceTree = SDKROOT; };
		BF170DB012928DE900B8313A /* OpenGLES.framework */ = {isa = PBXFileReference; lastKnownFileType = wrapper.framework; name = OpenGLES.framework; path = System/Library/Frameworks/OpenGLES.framework; sourceTree = SDKROOT; };
		BF170DB412928DE900B8313A /* libz.dylib */ = {isa = PBXFileReference; lastKnownFileType = "compiled.mach-o.dylib"; name = libz.dylib; path = usr/lib/libz.dylib; sourceTree = SDKROOT; };
		BF1C47EA1293683800B63C5D /* QuartzCore.framework */ = {isa = PBXFileReference; lastKnownFileType = wrapper.framework; name = QuartzCore.framework; path = System/Library/Frameworks/QuartzCore.framework; sourceTree = SDKROOT; };
		CD01214B1924CEDD0071F067 /* bgMusic.wav */ = {isa = PBXFileReference; lastKnownFileType = audio.wav; path = bgMusic.wav; sourceTree = "<group>"; };
		CD01214F1924D4A50071F067 /* pageFlip.mp3 */ = {isa = PBXFileReference; lastKnownFileType = audio.mp3; path = pageFlip.mp3; sourceTree = "<group>"; };
		CD0121511924D8270071F067 /* applause.mp3 */ = {isa = PBXFileReference; lastKnownFileType = audio.mp3; path = applause.mp3; sourceTree = "<group>"; };
		CD339F681926D67400DBB2E7 /* gameFail.wav */ = {isa = PBXFileReference; lastKnownFileType = audio.wav; path = gameFail.wav; sourceTree = "<group>"; };
		CD339F6C1926D71B00DBB2E7 /* stageBtClick.wav */ = {isa = PBXFileReference; lastKnownFileType = audio.wav; path = stageBtClick.wav; sourceTree = "<group>"; };
		CD339F6E1926E06600DBB2E7 /* GameKit.framework */ = {isa = PBXFileReference; lastKnownFileType = wrapper.framework; name = GameKit.framework; path = Platforms/iPhoneOS.platform/Developer/SDKs/iPhoneOS7.1.sdk/System/Library/Frameworks/GameKit.framework; sourceTree = DEVELOPER_DIR; };
		CD339F721926FDFC00DBB2E7 /* popupBg.png */ = {isa = PBXFileReference; lastKnownFileType = image.png; path = popupBg.png; sourceTree = "<group>"; };
		CD339F7519270FBF00DBB2E7 /* failFirst.wav */ = {isa = PBXFileReference; lastKnownFileType = audio.wav; path = failFirst.wav; sourceTree = "<group>"; };
		CD339F7919273E4100DBB2E7 /* BackIcon.png */ = {isa = PBXFileReference; lastKnownFileType = image.png; path = BackIcon.png; sourceTree = "<group>"; };
		CD339F7A19273E4100DBB2E7 /* FacebookIcon.png */ = {isa = PBXFileReference; lastKnownFileType = image.png; path = FacebookIcon.png; sourceTree = "<group>"; };
		CD339F7B19273E4100DBB2E7 /* MailIcon.png */ = {isa = PBXFileReference; lastKnownFileType = image.png; path = MailIcon.png; sourceTree = "<group>"; };
		CD339F7C19273E4100DBB2E7 /* NewIcon.png */ = {isa = PBXFileReference; lastKnownFileType = image.png; path = NewIcon.png; sourceTree = "<group>"; };
		CD339F7D19273E4100DBB2E7 /* OptionIcon.png */ = {isa = PBXFileReference; lastKnownFileType = image.png; path = OptionIcon.png; sourceTree = "<group>"; };
		CD339F7E19273E4100DBB2E7 /* RankingIcon.png */ = {isa = PBXFileReference; lastKnownFileType = image.png; path = RankingIcon.png; sourceTree = "<group>"; };
		CD339F7F19273E4100DBB2E7 /* ShareIcon.png */ = {isa = PBXFileReference; lastKnownFileType = image.png; path = ShareIcon.png; sourceTree = "<group>"; };
		CD339F8019273E4100DBB2E7 /* SMSIcon.png */ = {isa = PBXFileReference; lastKnownFileType = image.png; path = SMSIcon.png; sourceTree = "<group>"; };
		CD339F8119273E4100DBB2E7 /* TwitterIcon.png */ = {isa = PBXFileReference; lastKnownFileType = image.png; path = TwitterIcon.png; sourceTree = "<group>"; };
		CD339F8B1927887C00DBB2E7 /* BGMoffIcon.png */ = {isa = PBXFileReference; lastKnownFileType = image.png; path = BGMoffIcon.png; sourceTree = "<group>"; };
		CD339F8C1927887C00DBB2E7 /* BGMonIcon.png */ = {isa = PBXFileReference; lastKnownFileType = image.png; path = BGMonIcon.png; sourceTree = "<group>"; };
		CD339F8D1927887C00DBB2E7 /* EffectOffIcon.png */ = {isa = PBXFileReference; lastKnownFileType = image.png; path = EffectOffIcon.png; sourceTree = "<group>"; };
		CD339F8E1927887C00DBB2E7 /* EffectOnIcon.png */ = {isa = PBXFileReference; lastKnownFileType = image.png; path = EffectOnIcon.png; sourceTree = "<group>"; };
		CD339F951927946300DBB2E7 /* RateIcon.png */ = {isa = PBXFileReference; lastKnownFileType = image.png; path = RateIcon.png; sourceTree = "<group>"; };
		CD339F961927946300DBB2E7 /* ReviewIcon.png */ = {isa = PBXFileReference; lastKnownFileType = image.png; path = ReviewIcon.png; sourceTree = "<group>"; };
		CD339F971927946300DBB2E7 /* TeamIcon.png */ = {isa = PBXFileReference; lastKnownFileType = image.png; path = TeamIcon.png; sourceTree = "<group>"; };
		CD6190961924FBC5006D7099 /* BLUE.png */ = {isa = PBXFileReference; lastKnownFileType = image.png; path = BLUE.png; sourceTree = "<group>"; };
		CD6190971924FBC5006D7099 /* CYAN.png */ = {isa = PBXFileReference; lastKnownFileType = image.png; path = CYAN.png; sourceTree = "<group>"; };
		CD6190981924FBC5006D7099 /* GREEN.png */ = {isa = PBXFileReference; lastKnownFileType = image.png; path = GREEN.png; sourceTree = "<group>"; };
		CD6190991924FBC5006D7099 /* MAGENTA.png */ = {isa = PBXFileReference; lastKnownFileType = image.png; path = MAGENTA.png; sourceTree = "<group>"; };
		CD61909A1924FBC5006D7099 /* RED.png */ = {isa = PBXFileReference; lastKnownFileType = image.png; path = RED.png; sourceTree = "<group>"; };
		CD61909B1924FBC5006D7099 /* YELLOW.png */ = {isa = PBXFileReference; lastKnownFileType = image.png; path = YELLOW.png; sourceTree = "<group>"; };
		CD6190A41924FDBE006D7099 /* GREEN_CIRCLE.png */ = {isa = PBXFileReference; lastKnownFileType = image.png; path = GREEN_CIRCLE.png; sourceTree = "<group>"; };
		CD632EE0192A544900ED5DEE /* RetryIcon.png */ = {isa = PBXFileReference; lastKnownFileType = image.png; path = RetryIcon.png; sourceTree = "<group>"; };
		CD632EE6192A58D900ED5DEE /* font_bold.ttf */ = {isa = PBXFileReference; lastKnownFileType = file; path = font_bold.ttf; sourceTree = "<group>"; };
		CD7B9E5E192B8B6E005AA90B /* RecordIcon.png */ = {isa = PBXFileReference; lastKnownFileType = image.png; path = RecordIcon.png; sourceTree = "<group>"; };
		CD7B9E63192B8C1B005AA90B /* Icon-58.png */ = {isa = PBXFileReference; lastKnownFileType = image.png; path = "Icon-58.png"; sourceTree = "<group>"; };
		CD7B9E64192B8C1B005AA90B /* Icon-80.png */ = {isa = PBXFileReference; lastKnownFileType = image.png; path = "Icon-80.png"; sourceTree = "<group>"; };
		CD7B9E65192B8C1B005AA90B /* Icon-120.png */ = {isa = PBXFileReference; lastKnownFileType = image.png; path = "Icon-120.png"; sourceTree = "<group>"; };
		CD7B9E68192B8C1B005AA90B /* Icon-72.png */ = {isa = PBXFileReference; lastKnownFileType = image.png; path = "Icon-72.png"; sourceTree = "<group>"; };
		CD8A17FA1924CBF400304CD4 /* stage_bg.png */ = {isa = PBXFileReference; lastKnownFileType = image.png; path = stage_bg.png; sourceTree = "<group>"; };
		CDC50F0C1923B0AB003391CD /* Icon-60.png */ = {isa = PBXFileReference; lastKnownFileType = image.png; path = "Icon-60.png"; sourceTree = "<group>"; };
		CDC50F0E1923B0AB003391CD /* launcher01.png */ = {isa = PBXFileReference; lastKnownFileType = image.png; path = launcher01.png; sourceTree = "<group>"; };
		CDC50F101923B0AB003391CD /* Icon-40.png */ = {isa = PBXFileReference; lastKnownFileType = image.png; path = "Icon-40.png"; sourceTree = "<group>"; };
		CDC50F1C1923B206003391CD /* StageClearScene.cpp */ = {isa = PBXFileReference; fileEncoding = 4; lastKnownFileType = sourcecode.cpp.cpp; name = StageClearScene.cpp; path = ../Classes/StageClearScene.cpp; sourceTree = "<group>"; };
		CDC50F1D1923B206003391CD /* StageClearScene.h */ = {isa = PBXFileReference; fileEncoding = 4; lastKnownFileType = sourcecode.c.h; name = StageClearScene.h; path = ../Classes/StageClearScene.h; sourceTree = "<group>"; };
		CDE9810C1931E8BB00F2DC64 /* Configuration.cpp */ = {isa = PBXFileReference; fileEncoding = 4; lastKnownFileType = sourcecode.cpp.cpp; name = Configuration.cpp; path = ../Classes/Configuration.cpp; sourceTree = "<group>"; };
		CDE9810D1931E8BB00F2DC64 /* Configuration.h */ = {isa = PBXFileReference; fileEncoding = 4; lastKnownFileType = sourcecode.c.h; name = Configuration.h; path = ../Classes/Configuration.h; sourceTree = "<group>"; };
		D44C620B132DFF330009C878 /* OpenAL.framework */ = {isa = PBXFileReference; lastKnownFileType = wrapper.framework; name = OpenAL.framework; path = System/Library/Frameworks/OpenAL.framework; sourceTree = SDKROOT; };
		D44C620D132DFF430009C878 /* AVFoundation.framework */ = {isa = PBXFileReference; lastKnownFileType = wrapper.framework; name = AVFoundation.framework; path = System/Library/Frameworks/AVFoundation.framework; sourceTree = SDKROOT; };
		D44C620F132DFF4E0009C878 /* AudioToolbox.framework */ = {isa = PBXFileReference; lastKnownFileType = wrapper.framework; name = AudioToolbox.framework; path = System/Library/Frameworks/AudioToolbox.framework; sourceTree = SDKROOT; };
		D6B0611A1803AB670077942B /* CoreMotion.framework */ = {isa = PBXFileReference; lastKnownFileType = wrapper.framework; name = CoreMotion.framework; path = Platforms/iPhoneOS.platform/Developer/SDKs/iPhoneOS7.0.sdk/System/Library/Frameworks/CoreMotion.framework; sourceTree = DEVELOPER_DIR; };
		E2064CE3191CEF56007271A6 /* CCrazyMatrix.cpp */ = {isa = PBXFileReference; fileEncoding = 4; lastKnownFileType = sourcecode.cpp.cpp; name = CCrazyMatrix.cpp; path = ../Classes/CCrazyMatrix.cpp; sourceTree = "<group>"; };
		E2064CE4191CEF56007271A6 /* CCrazyMatrix.h */ = {isa = PBXFileReference; fileEncoding = 4; lastKnownFileType = sourcecode.c.h; name = CCrazyMatrix.h; path = ../Classes/CCrazyMatrix.h; sourceTree = "<group>"; };
		E2064CE5191CEF56007271A6 /* GameStageScene.cpp */ = {isa = PBXFileReference; fileEncoding = 4; lastKnownFileType = sourcecode.cpp.cpp; name = GameStageScene.cpp; path = ../Classes/GameStageScene.cpp; sourceTree = "<group>"; };
		E2064CE6191CEF56007271A6 /* GameStageScene.h */ = {isa = PBXFileReference; fileEncoding = 4; lastKnownFileType = sourcecode.c.h; name = GameStageScene.h; path = ../Classes/GameStageScene.h; sourceTree = "<group>"; };
		E2064CED191CEFC8007271A6 /* fire.png */ = {isa = PBXFileReference; lastKnownFileType = image.png; path = fire.png; sourceTree = "<group>"; };
		E2064CEE191CEFC8007271A6 /* firework.mp3 */ = {isa = PBXFileReference; lastKnownFileType = audio.mp3; path = firework.mp3; sourceTree = "<group>"; };
		E2064CF1191CF2DC007271A6 /* stars.png */ = {isa = PBXFileReference; lastKnownFileType = image.png; path = stars.png; sourceTree = "<group>"; };
		E2064CF5191E53F7007271A6 /* es042.wav */ = {isa = PBXFileReference; lastKnownFileType = audio.wav; path = es042.wav; sourceTree = "<group>"; };
		E287DA5E1932210700486E7A /* bgMusic.mp3 */ = {isa = PBXFileReference; lastKnownFileType = audio.mp3; path = bgMusic.mp3; sourceTree = "<group>"; };
		E2943F85192382FB00E3A52C /* AdSupport.framework */ = {isa = PBXFileReference; lastKnownFileType = wrapper.framework; name = AdSupport.framework; path = Platforms/iPhoneOS.platform/Developer/SDKs/iPhoneOS7.1.sdk/System/Library/Frameworks/AdSupport.framework; sourceTree = DEVELOPER_DIR; };
		E2943F871923830600E3A52C /* AudioToolbox.framework */ = {isa = PBXFileReference; lastKnownFileType = wrapper.framework; name = AudioToolbox.framework; path = Platforms/iPhoneOS.platform/Developer/SDKs/iPhoneOS7.1.sdk/System/Library/Frameworks/AudioToolbox.framework; sourceTree = DEVELOPER_DIR; };
		E2943F891923830D00E3A52C /* AVFoundation.framework */ = {isa = PBXFileReference; lastKnownFileType = wrapper.framework; name = AVFoundation.framework; path = Platforms/iPhoneOS.platform/Developer/SDKs/iPhoneOS7.1.sdk/System/Library/Frameworks/AVFoundation.framework; sourceTree = DEVELOPER_DIR; };
		E2943F8B1923832C00E3A52C /* CoreGraphics.framework */ = {isa = PBXFileReference; lastKnownFileType = wrapper.framework; name = CoreGraphics.framework; path = Platforms/iPhoneOS.platform/Developer/SDKs/iPhoneOS7.1.sdk/System/Library/Frameworks/CoreGraphics.framework; sourceTree = DEVELOPER_DIR; };
		E2943F8D1923833500E3A52C /* MessageUI.framework */ = {isa = PBXFileReference; lastKnownFileType = wrapper.framework; name = MessageUI.framework; path = Platforms/iPhoneOS.platform/Developer/SDKs/iPhoneOS7.1.sdk/System/Library/Frameworks/MessageUI.framework; sourceTree = DEVELOPER_DIR; };
		E2943F8F1923833D00E3A52C /* StoreKit.framework */ = {isa = PBXFileReference; lastKnownFileType = wrapper.framework; name = StoreKit.framework; path = Platforms/iPhoneOS.platform/Developer/SDKs/iPhoneOS7.1.sdk/System/Library/Frameworks/StoreKit.framework; sourceTree = DEVELOPER_DIR; };
		E2943F911923834500E3A52C /* SystemConfiguration.framework */ = {isa = PBXFileReference; lastKnownFileType = wrapper.framework; name = SystemConfiguration.framework; path = Platforms/iPhoneOS.platform/Developer/SDKs/iPhoneOS7.1.sdk/System/Library/Frameworks/SystemConfiguration.framework; sourceTree = DEVELOPER_DIR; };
		E2943FA4192386A300E3A52C /* GADAdMobExtras.h */ = {isa = PBXFileReference; fileEncoding = 4; lastKnownFileType = sourcecode.c.h; name = GADAdMobExtras.h; path = ../Classes/GADAdMobExtras.h; sourceTree = "<group>"; };
		E2943FA5192386A300E3A52C /* GADAdNetworkExtras.h */ = {isa = PBXFileReference; fileEncoding = 4; lastKnownFileType = sourcecode.c.h; name = GADAdNetworkExtras.h; path = ../Classes/GADAdNetworkExtras.h; sourceTree = "<group>"; };
		E2943FA6192386A300E3A52C /* GADAdSize.h */ = {isa = PBXFileReference; fileEncoding = 4; lastKnownFileType = sourcecode.c.h; name = GADAdSize.h; path = ../Classes/GADAdSize.h; sourceTree = "<group>"; };
		E2943FA7192386A300E3A52C /* GADBannerView.h */ = {isa = PBXFileReference; fileEncoding = 4; lastKnownFileType = sourcecode.c.h; name = GADBannerView.h; path = ../Classes/GADBannerView.h; sourceTree = "<group>"; };
		E2943FA8192386A300E3A52C /* GADBannerViewDelegate.h */ = {isa = PBXFileReference; fileEncoding = 4; lastKnownFileType = sourcecode.c.h; name = GADBannerViewDelegate.h; path = ../Classes/GADBannerViewDelegate.h; sourceTree = "<group>"; };
		E2943FA9192386A300E3A52C /* GADInAppPurchase.h */ = {isa = PBXFileReference; fileEncoding = 4; lastKnownFileType = sourcecode.c.h; name = GADInAppPurchase.h; path = ../Classes/GADInAppPurchase.h; sourceTree = "<group>"; };
		E2943FAA192386A300E3A52C /* GADInAppPurchaseDelegate.h */ = {isa = PBXFileReference; fileEncoding = 4; lastKnownFileType = sourcecode.c.h; name = GADInAppPurchaseDelegate.h; path = ../Classes/GADInAppPurchaseDelegate.h; sourceTree = "<group>"; };
		E2943FAB192386A300E3A52C /* GADInterstitial.h */ = {isa = PBXFileReference; fileEncoding = 4; lastKnownFileType = sourcecode.c.h; name = GADInterstitial.h; path = ../Classes/GADInterstitial.h; sourceTree = "<group>"; };
		E2943FAC192386A300E3A52C /* GADInterstitialDelegate.h */ = {isa = PBXFileReference; fileEncoding = 4; lastKnownFileType = sourcecode.c.h; name = GADInterstitialDelegate.h; path = ../Classes/GADInterstitialDelegate.h; sourceTree = "<group>"; };
		E2943FAD192386A300E3A52C /* GADModules.h */ = {isa = PBXFileReference; fileEncoding = 4; lastKnownFileType = sourcecode.c.h; name = GADModules.h; path = ../Classes/GADModules.h; sourceTree = "<group>"; };
		E2943FAE192386A300E3A52C /* GADRequest.h */ = {isa = PBXFileReference; fileEncoding = 4; lastKnownFileType = sourcecode.c.h; name = GADRequest.h; path = ../Classes/GADRequest.h; sourceTree = "<group>"; };
		E2943FAF192386A300E3A52C /* GADRequestError.h */ = {isa = PBXFileReference; fileEncoding = 4; lastKnownFileType = sourcecode.c.h; name = GADRequestError.h; path = ../Classes/GADRequestError.h; sourceTree = "<group>"; };
		E2943FB0192386A300E3A52C /* libGoogleAdMobAds.a */ = {isa = PBXFileReference; lastKnownFileType = archive.ar; name = libGoogleAdMobAds.a; path = ../Classes/libGoogleAdMobAds.a; sourceTree = "<group>"; };
		E2943FB21923877900E3A52C /* CoreTelephony.framework */ = {isa = PBXFileReference; lastKnownFileType = wrapper.framework; name = CoreTelephony.framework; path = Platforms/iPhoneOS.platform/Developer/SDKs/iPhoneOS7.1.sdk/System/Library/Frameworks/CoreTelephony.framework; sourceTree = DEVELOPER_DIR; };
		E29C3D43192252FF00DC481B /* ticktock.wav */ = {isa = PBXFileReference; lastKnownFileType = audio.wav; path = ticktock.wav; sourceTree = "<group>"; };
/* End PBXFileReference section */

/* Begin PBXFrameworksBuildPhase section */
		1D60588F0D05DD3D006BFB54 /* Frameworks */ = {
			isa = PBXFrameworksBuildPhase;
			buildActionMask = 2147483647;
			files = (
				E2943FB31923877900E3A52C /* CoreTelephony.framework in Frameworks */,
				E2943F921923834500E3A52C /* SystemConfiguration.framework in Frameworks */,
				E2943FB1192386A300E3A52C /* libGoogleAdMobAds.a in Frameworks */,
				E2943F901923833D00E3A52C /* StoreKit.framework in Frameworks */,
				E2943F8E1923833500E3A52C /* MessageUI.framework in Frameworks */,
				E2943F8C1923832D00E3A52C /* CoreGraphics.framework in Frameworks */,
				E2943F8A1923830D00E3A52C /* AVFoundation.framework in Frameworks */,
				E2943F881923830600E3A52C /* AudioToolbox.framework in Frameworks */,
				E2943F86192382FB00E3A52C /* AdSupport.framework in Frameworks */,
				1AC6FB2E180E99EB004C840B /* libbox2d iOS.a in Frameworks */,
				1AC6FB2F180E99EB004C840B /* libchipmunk iOS.a in Frameworks */,
				1AC6FB30180E99EB004C840B /* libcocos2dx iOS.a in Frameworks */,
				1AC6FB31180E99EB004C840B /* libcocos2dx-extensions iOS.a in Frameworks */,
				1AC6FB32180E99EB004C840B /* libCocosDenshion iOS.a in Frameworks */,
				D6B0611B1803AB670077942B /* CoreMotion.framework in Frameworks */,
				1D60589F0D05DD5A006BFB54 /* Foundation.framework in Frameworks */,
				1DF5F4E00D08C38300B7A737 /* UIKit.framework in Frameworks */,
				288765A50DF7441C002DB57D /* CoreGraphics.framework in Frameworks */,
				BF171245129291EC00B8313A /* OpenGLES.framework in Frameworks */,
				BF1712471292920000B8313A /* libz.dylib in Frameworks */,
				BF1C47F01293687400B63C5D /* QuartzCore.framework in Frameworks */,
				D44C620C132DFF330009C878 /* OpenAL.framework in Frameworks */,
				D44C620E132DFF430009C878 /* AVFoundation.framework in Frameworks */,
				D44C6210132DFF4E0009C878 /* AudioToolbox.framework in Frameworks */,
				CD339F6F1926E06600DBB2E7 /* GameKit.framework in Frameworks */,
			);
			runOnlyForDeploymentPostprocessing = 0;
		};
/* End PBXFrameworksBuildPhase section */

/* Begin PBXGroup section */
		080E96DDFE201D6D7F000001 /* ios */ = {
			isa = PBXGroup;
			children = (
				5087E77117EB970100C73F5D /* Icons */,
				503AE0FA17EB989F00D1A890 /* AppController.h */,
				503AE0FB17EB989F00D1A890 /* AppController.mm */,
				503AE0FC17EB989F00D1A890 /* main.m */,
				503AE0FD17EB989F00D1A890 /* Prefix.pch */,
				503AE0FE17EB989F00D1A890 /* RootViewController.h */,
				503AE0FF17EB989F00D1A890 /* RootViewController.mm */,
			);
			name = ios;
			path = Classes;
			sourceTree = "<group>";
		};
		15AA9C4015B7EC450033D6C2 /* Classes */ = {
			isa = PBXGroup;
			children = (
				CDC50F1C1923B206003391CD /* StageClearScene.cpp */,
				CDC50F1D1923B206003391CD /* StageClearScene.h */,
				E2943FA31923869500E3A52C /* Admob */,
				E2064CE3191CEF56007271A6 /* CCrazyMatrix.cpp */,
				E2064CE4191CEF56007271A6 /* CCrazyMatrix.h */,
				E2064CE5191CEF56007271A6 /* GameStageScene.cpp */,
				E2064CE6191CEF56007271A6 /* GameStageScene.h */,
				1AFAF8B316D35DE700DB1158 /* AppDelegate.cpp */,
				1AFAF8B416D35DE700DB1158 /* AppDelegate.h */,
				1AFAF8B516D35DE700DB1158 /* HelloWorldScene.cpp */,
				1AFAF8B616D35DE700DB1158 /* HelloWorldScene.h */,
				CDE9810C1931E8BB00F2DC64 /* Configuration.cpp */,
				CDE9810D1931E8BB00F2DC64 /* Configuration.h */,
			);
			name = Classes;
			path = ../classes;
			sourceTree = "<group>";
		};
		19C28FACFE9D520D11CA2CBB /* Products */ = {
			isa = PBXGroup;
			children = (
				1D6058910D05DD3D006BFB54 /* Tile Hunter.app */,
			);
			name = Products;
			sourceTree = "<group>";
		};
		1AC6FAE6180E9839004C840B /* Products */ = {
			isa = PBXGroup;
			children = (
				1AC6FAF9180E9839004C840B /* libcocos2dx Mac.a */,
				1AC6FAFB180E9839004C840B /* libcocos2dx-extensions Mac.a */,
				1AC6FAFD180E9839004C840B /* libchipmunk Mac.a */,
				1AC6FAFF180E9839004C840B /* libbox2d Mac.a */,
				1AC6FB01180E9839004C840B /* libCocosDenshion Mac.a */,
				1AC6FB07180E9839004C840B /* libcocos2dx iOS.a */,
				1AC6FB09180E9839004C840B /* libcocos2dx-extensions iOS.a */,
				1AC6FB0B180E9839004C840B /* libchipmunk iOS.a */,
				1AC6FB0D180E9839004C840B /* libbox2d iOS.a */,
				1AC6FB0F180E9839004C840B /* libCocosDenshion iOS.a */,
			);
			name = Products;
			sourceTree = "<group>";
		};
		29B97314FDCFA39411CA2CEA /* CustomTemplate */ = {
			isa = PBXGroup;
			children = (
				1AC6FAE5180E9839004C840B /* cocos2d_libs.xcodeproj */,
				15AA9C4015B7EC450033D6C2 /* Classes */,
				29B97323FDCFA39411CA2CEA /* Frameworks */,
				080E96DDFE201D6D7F000001 /* ios */,
				503AE10617EB990700D1A890 /* mac */,
				19C28FACFE9D520D11CA2CBB /* Products */,
				78C7DDAA14EBA5050085D0C2 /* Resources */,
			);
			name = CustomTemplate;
			sourceTree = "<group>";
		};
		29B97323FDCFA39411CA2CEA /* Frameworks */ = {
			isa = PBXGroup;
			children = (
				CD339F6E1926E06600DBB2E7 /* GameKit.framework */,
				E2943FB21923877900E3A52C /* CoreTelephony.framework */,
				E2943F911923834500E3A52C /* SystemConfiguration.framework */,
				E2943F8F1923833D00E3A52C /* StoreKit.framework */,
				E2943F8D1923833500E3A52C /* MessageUI.framework */,
				E2943F8B1923832C00E3A52C /* CoreGraphics.framework */,
				E2943F891923830D00E3A52C /* AVFoundation.framework */,
				E2943F871923830600E3A52C /* AudioToolbox.framework */,
				E2943F85192382FB00E3A52C /* AdSupport.framework */,
				D6B0611A1803AB670077942B /* CoreMotion.framework */,
				503AE11A17EB9C5A00D1A890 /* IOKit.framework */,
				503AE11117EB99EE00D1A890 /* libcurl.dylib */,
				5087E78A17EB975400C73F5D /* OpenGL.framework */,
				5087E78817EB974C00C73F5D /* AppKit.framework */,
				1ACB3243164770DE00914215 /* libcurl.a */,
				BF170DB412928DE900B8313A /* libz.dylib */,
				D44C620F132DFF4E0009C878 /* AudioToolbox.framework */,
				D44C620D132DFF430009C878 /* AVFoundation.framework */,
				288765A40DF7441C002DB57D /* CoreGraphics.framework */,
				1D30AB110D05D00D00671497 /* Foundation.framework */,
				D44C620B132DFF330009C878 /* OpenAL.framework */,
				BF170DB012928DE900B8313A /* OpenGLES.framework */,
				BF1C47EA1293683800B63C5D /* QuartzCore.framework */,
				1DF5F4DF0D08C38300B7A737 /* UIKit.framework */,
			);
			name = Frameworks;
			sourceTree = "<group>";
		};
		503AE0F517EB97AB00D1A890 /* Icons */ = {
			isa = PBXGroup;
			children = (
				503AE0F617EB97AB00D1A890 /* Icon.icns */,
				503AE0F717EB97AB00D1A890 /* Info.plist */,
			);
			name = Icons;
			path = mac;
			sourceTree = SOURCE_ROOT;
		};
		503AE10617EB990700D1A890 /* mac */ = {
			isa = PBXGroup;
			children = (
				503AE0F517EB97AB00D1A890 /* Icons */,
				503AE10317EB98FF00D1A890 /* main.cpp */,
				503AE10417EB98FF00D1A890 /* Prefix.pch */,
			);
			name = mac;
			sourceTree = "<group>";
		};
		5087E77117EB970100C73F5D /* Icons */ = {
			isa = PBXGroup;
			children = (
				CD7B9E63192B8C1B005AA90B /* Icon-58.png */,
				CD7B9E64192B8C1B005AA90B /* Icon-80.png */,
				CD7B9E65192B8C1B005AA90B /* Icon-120.png */,
				CD7B9E68192B8C1B005AA90B /* Icon-72.png */,
				CDC50F0C1923B0AB003391CD /* Icon-60.png */,
				CDC50F0E1923B0AB003391CD /* launcher01.png */,
				CDC50F101923B0AB003391CD /* Icon-40.png */,
				5087E77217EB970100C73F5D /* Default-568h@2x.png */,
				5087E77317EB970100C73F5D /* Default.png */,
				5087E77417EB970100C73F5D /* Default@2x.png */,
				5087E77B17EB970100C73F5D /* Icon-76.png */,
				5087E77C17EB970100C73F5D /* Info.plist */,
			);
			name = Icons;
			path = ios;
			sourceTree = SOURCE_ROOT;
		};
		78C7DDAA14EBA5050085D0C2 /* Resources */ = {
			isa = PBXGroup;
			children = (
				E287DA5E1932210700486E7A /* bgMusic.mp3 */,
				CD7B9E5E192B8B6E005AA90B /* RecordIcon.png */,
				CD632EE0192A544900ED5DEE /* RetryIcon.png */,
				CD339F931927946300DBB2E7 /* fonts */,
				CD339F951927946300DBB2E7 /* RateIcon.png */,
				CD339F961927946300DBB2E7 /* ReviewIcon.png */,
				CD339F971927946300DBB2E7 /* TeamIcon.png */,
				CD339F8B1927887C00DBB2E7 /* BGMoffIcon.png */,
				CD339F8C1927887C00DBB2E7 /* BGMonIcon.png */,
				CD339F8D1927887C00DBB2E7 /* EffectOffIcon.png */,
				CD339F8E1927887C00DBB2E7 /* EffectOnIcon.png */,
				CD339F7919273E4100DBB2E7 /* BackIcon.png */,
				CD339F7A19273E4100DBB2E7 /* FacebookIcon.png */,
				CD339F7B19273E4100DBB2E7 /* MailIcon.png */,
				CD339F7C19273E4100DBB2E7 /* NewIcon.png */,
				CD339F7D19273E4100DBB2E7 /* OptionIcon.png */,
				CD339F7E19273E4100DBB2E7 /* RankingIcon.png */,
				CD339F7F19273E4100DBB2E7 /* ShareIcon.png */,
				CD339F8019273E4100DBB2E7 /* SMSIcon.png */,
				CD339F8119273E4100DBB2E7 /* TwitterIcon.png */,
				CD339F7519270FBF00DBB2E7 /* failFirst.wav */,
				CD339F721926FDFC00DBB2E7 /* popupBg.png */,
				CD339F6C1926D71B00DBB2E7 /* stageBtClick.wav */,
				CD339F681926D67400DBB2E7 /* gameFail.wav */,
				CD6190A41924FDBE006D7099 /* GREEN_CIRCLE.png */,
				CD6190961924FBC5006D7099 /* BLUE.png */,
				CD6190971924FBC5006D7099 /* CYAN.png */,
				CD6190981924FBC5006D7099 /* GREEN.png */,
				CD6190991924FBC5006D7099 /* MAGENTA.png */,
				CD61909A1924FBC5006D7099 /* RED.png */,
				CD61909B1924FBC5006D7099 /* YELLOW.png */,
				CD0121511924D8270071F067 /* applause.mp3 */,
				CD01214F1924D4A50071F067 /* pageFlip.mp3 */,
				CD01214B1924CEDD0071F067 /* bgMusic.wav */,
				CD8A17FA1924CBF400304CD4 /* stage_bg.png */,
				E29C3D43192252FF00DC481B /* ticktock.wav */,
				E2064CF5191E53F7007271A6 /* es042.wav */,
				E2064CF1191CF2DC007271A6 /* stars.png */,
				E2064CED191CEFC8007271A6 /* fire.png */,
				E2064CEE191CEFC8007271A6 /* firework.mp3 */,
			);
			name = Resources;
			path = ../Resources;
			sourceTree = "<group>";
		};
		CD339F931927946300DBB2E7 /* fonts */ = {
			isa = PBXGroup;
			children = (
				CD632EE6192A58D900ED5DEE /* font_bold.ttf */,
			);
			path = fonts;
			sourceTree = "<group>";
		};
		E2943FA31923869500E3A52C /* Admob */ = {
			isa = PBXGroup;
			children = (
				E2943FA4192386A300E3A52C /* GADAdMobExtras.h */,
				E2943FA5192386A300E3A52C /* GADAdNetworkExtras.h */,
				E2943FA6192386A300E3A52C /* GADAdSize.h */,
				E2943FA7192386A300E3A52C /* GADBannerView.h */,
				E2943FA8192386A300E3A52C /* GADBannerViewDelegate.h */,
				E2943FA9192386A300E3A52C /* GADInAppPurchase.h */,
				E2943FAA192386A300E3A52C /* GADInAppPurchaseDelegate.h */,
				E2943FAB192386A300E3A52C /* GADInterstitial.h */,
				E2943FAC192386A300E3A52C /* GADInterstitialDelegate.h */,
				E2943FAD192386A300E3A52C /* GADModules.h */,
				E2943FAE192386A300E3A52C /* GADRequest.h */,
				E2943FAF192386A300E3A52C /* GADRequestError.h */,
				E2943FB0192386A300E3A52C /* libGoogleAdMobAds.a */,
			);
			name = Admob;
			sourceTree = "<group>";
		};
/* End PBXGroup section */

/* Begin PBXNativeTarget section */
		1D6058900D05DD3D006BFB54 /* Tile Hunter */ = {
			isa = PBXNativeTarget;
			buildConfigurationList = 1D6058960D05DD3E006BFB54 /* Build configuration list for PBXNativeTarget "Tile Hunter" */;
			buildPhases = (
				1D60588D0D05DD3D006BFB54 /* Resources */,
				1D60588E0D05DD3D006BFB54 /* Sources */,
				1D60588F0D05DD3D006BFB54 /* Frameworks */,
			);
			buildRules = (
			);
			dependencies = (
				1AC6FB25180E99E1004C840B /* PBXTargetDependency */,
				1AC6FB27180E99E1004C840B /* PBXTargetDependency */,
				1AC6FB29180E99E1004C840B /* PBXTargetDependency */,
				1AC6FB2B180E99E1004C840B /* PBXTargetDependency */,
				1AC6FB2D180E99E1004C840B /* PBXTargetDependency */,
			);
			name = "Tile Hunter";
			productName = iphone;
			productReference = 1D6058910D05DD3D006BFB54 /* Tile Hunter.app */;
			productType = "com.apple.product-type.application";
		};
/* End PBXNativeTarget section */

/* Begin PBXProject section */
		29B97313FDCFA39411CA2CEA /* Project object */ = {
			isa = PBXProject;
			attributes = {
				LastUpgradeCheck = 0500;
				TargetAttributes = {
					1D6058900D05DD3D006BFB54 = {
						DevelopmentTeam = 25K2LU66RG;
						SystemCapabilities = {
							com.apple.GameCenter = {
								enabled = 1;
							};
						};
					};
				};
			};
			buildConfigurationList = C01FCF4E08A954540054247B /* Build configuration list for PBXProject "Tile Hunter" */;
			compatibilityVersion = "Xcode 3.2";
			developmentRegion = English;
			hasScannedForEncodings = 1;
			knownRegions = (
				English,
				Japanese,
				French,
				German,
			);
			mainGroup = 29B97314FDCFA39411CA2CEA /* CustomTemplate */;
			projectDirPath = "";
			projectReferences = (
				{
					ProductGroup = 1AC6FAE6180E9839004C840B /* Products */;
					ProjectRef = 1AC6FAE5180E9839004C840B /* cocos2d_libs.xcodeproj */;
				},
			);
			projectRoot = "";
			targets = (
				1D6058900D05DD3D006BFB54 /* Tile Hunter */,
			);
		};
/* End PBXProject section */

/* Begin PBXReferenceProxy section */
		1AC6FAF9180E9839004C840B /* libcocos2dx Mac.a */ = {
			isa = PBXReferenceProxy;
			fileType = archive.ar;
			path = "libcocos2dx Mac.a";
			remoteRef = 1AC6FAF8180E9839004C840B /* PBXContainerItemProxy */;
			sourceTree = BUILT_PRODUCTS_DIR;
		};
		1AC6FAFB180E9839004C840B /* libcocos2dx-extensions Mac.a */ = {
			isa = PBXReferenceProxy;
			fileType = archive.ar;
			path = "libcocos2dx-extensions Mac.a";
			remoteRef = 1AC6FAFA180E9839004C840B /* PBXContainerItemProxy */;
			sourceTree = BUILT_PRODUCTS_DIR;
		};
		1AC6FAFD180E9839004C840B /* libchipmunk Mac.a */ = {
			isa = PBXReferenceProxy;
			fileType = archive.ar;
			path = "libchipmunk Mac.a";
			remoteRef = 1AC6FAFC180E9839004C840B /* PBXContainerItemProxy */;
			sourceTree = BUILT_PRODUCTS_DIR;
		};
		1AC6FAFF180E9839004C840B /* libbox2d Mac.a */ = {
			isa = PBXReferenceProxy;
			fileType = archive.ar;
			path = "libbox2d Mac.a";
			remoteRef = 1AC6FAFE180E9839004C840B /* PBXContainerItemProxy */;
			sourceTree = BUILT_PRODUCTS_DIR;
		};
		1AC6FB01180E9839004C840B /* libCocosDenshion Mac.a */ = {
			isa = PBXReferenceProxy;
			fileType = archive.ar;
			path = "libCocosDenshion Mac.a";
			remoteRef = 1AC6FB00180E9839004C840B /* PBXContainerItemProxy */;
			sourceTree = BUILT_PRODUCTS_DIR;
		};
		1AC6FB07180E9839004C840B /* libcocos2dx iOS.a */ = {
			isa = PBXReferenceProxy;
			fileType = archive.ar;
			path = "libcocos2dx iOS.a";
			remoteRef = 1AC6FB06180E9839004C840B /* PBXContainerItemProxy */;
			sourceTree = BUILT_PRODUCTS_DIR;
		};
		1AC6FB09180E9839004C840B /* libcocos2dx-extensions iOS.a */ = {
			isa = PBXReferenceProxy;
			fileType = archive.ar;
			path = "libcocos2dx-extensions iOS.a";
			remoteRef = 1AC6FB08180E9839004C840B /* PBXContainerItemProxy */;
			sourceTree = BUILT_PRODUCTS_DIR;
		};
		1AC6FB0B180E9839004C840B /* libchipmunk iOS.a */ = {
			isa = PBXReferenceProxy;
			fileType = archive.ar;
			path = "libchipmunk iOS.a";
			remoteRef = 1AC6FB0A180E9839004C840B /* PBXContainerItemProxy */;
			sourceTree = BUILT_PRODUCTS_DIR;
		};
		1AC6FB0D180E9839004C840B /* libbox2d iOS.a */ = {
			isa = PBXReferenceProxy;
			fileType = archive.ar;
			path = "libbox2d iOS.a";
			remoteRef = 1AC6FB0C180E9839004C840B /* PBXContainerItemProxy */;
			sourceTree = BUILT_PRODUCTS_DIR;
		};
		1AC6FB0F180E9839004C840B /* libCocosDenshion iOS.a */ = {
			isa = PBXReferenceProxy;
			fileType = archive.ar;
			path = "libCocosDenshion iOS.a";
			remoteRef = 1AC6FB0E180E9839004C840B /* PBXContainerItemProxy */;
			sourceTree = BUILT_PRODUCTS_DIR;
		};
/* End PBXReferenceProxy section */

/* Begin PBXResourcesBuildPhase section */
		1D60588D0D05DD3D006BFB54 /* Resources */ = {
			isa = PBXResourcesBuildPhase;
			buildActionMask = 2147483647;
			files = (
				CD61909E1924FBC5006D7099 /* GREEN.png in Resources */,
				CD339F8419273E4100DBB2E7 /* MailIcon.png in Resources */,
				CD339F691926D67400DBB2E7 /* gameFail.wav in Resources */,
				CD6190A11924FBC5006D7099 /* YELLOW.png in Resources */,
				E2064CF2191CF2DC007271A6 /* stars.png in Resources */,
				CD7B9E6F192B8C1B005AA90B /* Icon-80.png in Resources */,
				5087E78617EB970100C73F5D /* Icon-76.png in Resources */,
				CD339F991927946300DBB2E7 /* RateIcon.png in Resources */,
				CD339F731926FDFC00DBB2E7 /* popupBg.png in Resources */,
				CD61909C1924FBC5006D7099 /* BLUE.png in Resources */,
				CD6190A51924FDBE006D7099 /* GREEN_CIRCLE.png in Resources */,
				CD339F8519273E4100DBB2E7 /* NewIcon.png in Resources */,
				CD6190A01924FBC5006D7099 /* RED.png in Resources */,
				CD339F8A19273E4100DBB2E7 /* TwitterIcon.png in Resources */,
				CD339F8319273E4100DBB2E7 /* FacebookIcon.png in Resources */,
				CD7B9E5F192B8B6E005AA90B /* RecordIcon.png in Resources */,
				CD7B9E6E192B8C1B005AA90B /* Icon-58.png in Resources */,
				CD7B9E73192B8C1B005AA90B /* Icon-72.png in Resources */,
				CD632EE1192A544900ED5DEE /* RetryIcon.png in Resources */,
				5087E77F17EB970100C73F5D /* Default@2x.png in Resources */,
				E287DA5F1932210700486E7A /* bgMusic.mp3 in Resources */,
				CD339F8819273E4100DBB2E7 /* ShareIcon.png in Resources */,
				E29C3D44192252FF00DC481B /* ticktock.wav in Resources */,
				CD339F8619273E4100DBB2E7 /* OptionIcon.png in Resources */,
				CD339F6D1926D71B00DBB2E7 /* stageBtClick.wav in Resources */,
				CD632EE7192A58D900ED5DEE /* font_bold.ttf in Resources */,
				CD339F8219273E4100DBB2E7 /* BackIcon.png in Resources */,
				CDC50F161923B0AB003391CD /* launcher01.png in Resources */,
				CDC50F141923B0AB003391CD /* Icon-60.png in Resources */,
				CD61909D1924FBC5006D7099 /* CYAN.png in Resources */,
				5087E77D17EB970100C73F5D /* Default-568h@2x.png in Resources */,
				CD0121521924D8270071F067 /* applause.mp3 in Resources */,
				CD339F921927887C00DBB2E7 /* EffectOnIcon.png in Resources */,
				CD339F901927887C00DBB2E7 /* BGMonIcon.png in Resources */,
				CD339F8719273E4100DBB2E7 /* RankingIcon.png in Resources */,
				CD339F9A1927946300DBB2E7 /* ReviewIcon.png in Resources */,
				E2064CF0191CEFC8007271A6 /* firework.mp3 in Resources */,
				CD01214C1924CEDD0071F067 /* bgMusic.wav in Resources */,
				CD339F7619270FBF00DBB2E7 /* failFirst.wav in Resources */,
				E2064CF6191E53F7007271A6 /* es042.wav in Resources */,
				CD339F911927887C00DBB2E7 /* EffectOffIcon.png in Resources */,
				CD7B9E70192B8C1B005AA90B /* Icon-120.png in Resources */,
				CD339F8919273E4100DBB2E7 /* SMSIcon.png in Resources */,
				CD8A17FB1924CBF400304CD4 /* stage_bg.png in Resources */,
				CD339F8F1927887C00DBB2E7 /* BGMoffIcon.png in Resources */,
				CD339F9B1927946300DBB2E7 /* TeamIcon.png in Resources */,
				E2064CEF191CEFC8007271A6 /* fire.png in Resources */,
				5087E77E17EB970100C73F5D /* Default.png in Resources */,
				CD0121501924D4A50071F067 /* pageFlip.mp3 in Resources */,
				CD61909F1924FBC5006D7099 /* MAGENTA.png in Resources */,
				CDC50F181923B0AB003391CD /* Icon-40.png in Resources */,
			);
			runOnlyForDeploymentPostprocessing = 0;
		};
/* End PBXResourcesBuildPhase section */

/* Begin PBXSourcesBuildPhase section */
		1D60588E0D05DD3D006BFB54 /* Sources */ = {
			isa = PBXSourcesBuildPhase;
			buildActionMask = 2147483647;
			files = (
				E2064CE8191CEF56007271A6 /* GameStageScene.cpp in Sources */,
				503AE10017EB989F00D1A890 /* AppController.mm in Sources */,
				503AE10217EB989F00D1A890 /* RootViewController.mm in Sources */,
				E2064CE7191CEF56007271A6 /* CCrazyMatrix.cpp in Sources */,
				CDE9810E1931E8BB00F2DC64 /* Configuration.cpp in Sources */,
				1AFAF8B716D35DE700DB1158 /* AppDelegate.cpp in Sources */,
				CDC50F1E1923B206003391CD /* StageClearScene.cpp in Sources */,
				503AE10117EB989F00D1A890 /* main.m in Sources */,
				1AFAF8B816D35DE700DB1158 /* HelloWorldScene.cpp in Sources */,
			);
			runOnlyForDeploymentPostprocessing = 0;
		};
/* End PBXSourcesBuildPhase section */

/* Begin PBXTargetDependency section */
		1AC6FB25180E99E1004C840B /* PBXTargetDependency */ = {
			isa = PBXTargetDependency;
			name = "cocos2dx iOS";
			targetProxy = 1AC6FB24180E99E1004C840B /* PBXContainerItemProxy */;
		};
		1AC6FB27180E99E1004C840B /* PBXTargetDependency */ = {
			isa = PBXTargetDependency;
			name = "cocos2dx-extensions iOS";
			targetProxy = 1AC6FB26180E99E1004C840B /* PBXContainerItemProxy */;
		};
		1AC6FB29180E99E1004C840B /* PBXTargetDependency */ = {
			isa = PBXTargetDependency;
			name = "chipmunk iOS";
			targetProxy = 1AC6FB28180E99E1004C840B /* PBXContainerItemProxy */;
		};
		1AC6FB2B180E99E1004C840B /* PBXTargetDependency */ = {
			isa = PBXTargetDependency;
			name = "box2d iOS";
			targetProxy = 1AC6FB2A180E99E1004C840B /* PBXContainerItemProxy */;
		};
		1AC6FB2D180E99E1004C840B /* PBXTargetDependency */ = {
			isa = PBXTargetDependency;
			name = "CocosDenshion iOS";
			targetProxy = 1AC6FB2C180E99E1004C840B /* PBXContainerItemProxy */;
		};
/* End PBXTargetDependency section */

/* Begin XCBuildConfiguration section */
		1D6058940D05DD3E006BFB54 /* Debug */ = {
			isa = XCBuildConfiguration;
			buildSettings = {
				ALWAYS_SEARCH_USER_PATHS = YES;
				CODE_SIGN_IDENTITY = "iPhone Developer";
				"CODE_SIGN_IDENTITY[sdk=iphoneos*]" = "iPhone Developer";
				COMPRESS_PNG_FILES = NO;
				GCC_DYNAMIC_NO_PIC = NO;
				GCC_INLINES_ARE_PRIVATE_EXTERN = NO;
				GCC_PRECOMPILE_PREFIX_HEADER = YES;
				GCC_PREFIX_HEADER = ios/Prefix.pch;
				GCC_PREPROCESSOR_DEFINITIONS = (
					USE_FILE32API,
					CC_TARGET_OS_IPHONE,
					"COCOS2D_DEBUG=1",
					"CC_ENABLE_CHIPMUNK_INTEGRATION=1",
				);
				GCC_SYMBOLS_PRIVATE_EXTERN = NO;
				HEADER_SEARCH_PATHS = (
					"$(inherited)",
					"$(SRCROOT)/../cocos2d/cocos/2d/platform/ios",
					"$(SRCROOT)/../cocos2d/cocos/2d/platform/ios/Simulation",
				);
				INFOPLIST_FILE = ios/Info.plist;
				IPHONEOS_DEPLOYMENT_TARGET = 6.0;
				LIBRARY_SEARCH_PATHS = /Users/akahard2dj/Documents/Xcode/cocos/Game_CrazyMatrix/Classes;
				OTHER_LDFLAGS = "-ObjC";
				PROVISIONING_PROFILE = "";
				SDKROOT = iphoneos;
				TARGETED_DEVICE_FAMILY = 1;
				USER_HEADER_SEARCH_PATHS = "";
			};
			name = Debug;
		};
		1D6058950D05DD3E006BFB54 /* Release */ = {
			isa = XCBuildConfiguration;
			buildSettings = {
				ALWAYS_SEARCH_USER_PATHS = YES;
				CODE_SIGN_IDENTITY = "iPhone Developer";
				"CODE_SIGN_IDENTITY[sdk=iphoneos*]" = "iPhone Developer";
				COMPRESS_PNG_FILES = NO;
				GCC_INLINES_ARE_PRIVATE_EXTERN = NO;
				GCC_PRECOMPILE_PREFIX_HEADER = YES;
				GCC_PREFIX_HEADER = ios/Prefix.pch;
				GCC_PREPROCESSOR_DEFINITIONS = (
					USE_FILE32API,
					CC_TARGET_OS_IPHONE,
					"CC_ENABLE_CHIPMUNK_INTEGRATION=1",
				);
				GCC_SYMBOLS_PRIVATE_EXTERN = NO;
				HEADER_SEARCH_PATHS = (
					"$(inherited)",
					"$(SRCROOT)/../cocos2d/cocos/2d/platform/ios",
					"$(SRCROOT)/../cocos2d/cocos/2d/platform/ios/Simulation",
				);
				INFOPLIST_FILE = ios/Info.plist;
				IPHONEOS_DEPLOYMENT_TARGET = 6.0;
				LIBRARY_SEARCH_PATHS = /Users/akahard2dj/Documents/Xcode/cocos/Game_CrazyMatrix/Classes;
				OTHER_LDFLAGS = "-ObjC";
				PROVISIONING_PROFILE = "";
				SDKROOT = iphoneos;
				TARGETED_DEVICE_FAMILY = 1;
				USER_HEADER_SEARCH_PATHS = "";
			};
			name = Release;
		};
		C01FCF4F08A954540054247B /* Debug */ = {
			isa = XCBuildConfiguration;
			buildSettings = {
				CLANG_CXX_LANGUAGE_STANDARD = "c++0x";
				CLANG_CXX_LIBRARY = "libc++";
				COPY_PHASE_STRIP = NO;
				GCC_OPTIMIZATION_LEVEL = 0;
				GCC_WARN_ABOUT_RETURN_TYPE = YES;
				GCC_WARN_UNUSED_VARIABLE = YES;
				HEADER_SEARCH_PATHS = (
					"$(SRCROOT)/../cocos2d",
					"$(SRCROOT)/../cocos2d/cocos",
					"$(SRCROOT)/../cocos2d/cocos/base",
					"$(SRCROOT)/../cocos2d/cocos/physics",
					"$(SRCROOT)/../cocos2d/cocos/math/kazmath",
					"$(SRCROOT)/../cocos2d/cocos/2d",
					"$(SRCROOT)/../cocos2d/cocos/ui",
					"$(SRCROOT)/../cocos2d/cocos/network",
					"$(SRCROOT)/../cocos2d/cocos/audio/include",
					"$(SRCROOT)/../cocos2d/cocos/editor-support",
					"$(SRCROOT)/../cocos2d/extensions",
					"$(SRCROOT)/../cocos2d/external",
					"$(SRCROOT)/../cocos2d/external/chipmunk/include/chipmunk",
				);
				ONLY_ACTIVE_ARCH = YES;
				PRODUCT_NAME = "$(TARGET_NAME)";
				SDKROOT = macosx;
			};
			name = Debug;
		};
		C01FCF5008A954540054247B /* Release */ = {
			isa = XCBuildConfiguration;
			buildSettings = {
				CLANG_CXX_LANGUAGE_STANDARD = "c++0x";
				CLANG_CXX_LIBRARY = "libc++";
				GCC_WARN_ABOUT_RETURN_TYPE = YES;
				GCC_WARN_UNUSED_VARIABLE = YES;
				HEADER_SEARCH_PATHS = (
					"$(SRCROOT)/../cocos2d",
					"$(SRCROOT)/../cocos2d/cocos",
					"$(SRCROOT)/../cocos2d/cocos/base",
					"$(SRCROOT)/../cocos2d/cocos/physics",
					"$(SRCROOT)/../cocos2d/cocos/math/kazmath",
					"$(SRCROOT)/../cocos2d/cocos/2d",
					"$(SRCROOT)/../cocos2d/cocos/ui",
					"$(SRCROOT)/../cocos2d/cocos/network",
					"$(SRCROOT)/../cocos2d/cocos/audio/include",
					"$(SRCROOT)/../cocos2d/cocos/editor-support",
					"$(SRCROOT)/../cocos2d/extensions",
					"$(SRCROOT)/../cocos2d/external",
					"$(SRCROOT)/../cocos2d/external/chipmunk/include/chipmunk",
				);
				OTHER_CFLAGS = "-DNS_BLOCK_ASSERTIONS=1";
				PRODUCT_NAME = "$(TARGET_NAME)";
				SDKROOT = macosx;
				VALIDATE_PRODUCT = YES;
			};
			name = Release;
		};
/* End XCBuildConfiguration section */

/* Begin XCConfigurationList section */
		1D6058960D05DD3E006BFB54 /* Build configuration list for PBXNativeTarget "Tile Hunter" */ = {
			isa = XCConfigurationList;
			buildConfigurations = (
				1D6058940D05DD3E006BFB54 /* Debug */,
				1D6058950D05DD3E006BFB54 /* Release */,
			);
			defaultConfigurationIsVisible = 0;
			defaultConfigurationName = Debug;
		};
		C01FCF4E08A954540054247B /* Build configuration list for PBXProject "Tile Hunter" */ = {
			isa = XCConfigurationList;
			buildConfigurations = (
				C01FCF4F08A954540054247B /* Debug */,
				C01FCF5008A954540054247B /* Release */,
			);
			defaultConfigurationIsVisible = 0;
			defaultConfigurationName = Debug;
		};
/* End XCConfigurationList section */
	};
	rootObject = 29B97313FDCFA39411CA2CEA /* Project object */;
}
